schema: '2.0'
stages:
  collect:
    cmd: python collect_data.py
    outs:
    - path: data/raw_data.csv
      hash: md5
      md5: 338903e553043ba00068fcf8b98c9286
      size: 5840
  preprocess:
    cmd: python preprocess_data.py
    deps:
    - path: data/raw_data.csv
      hash: md5
      md5: 338903e553043ba00068fcf8b98c9286
      size: 5840
    outs:
    - path: data/processed_data.csv
      hash: md5
      md5: 71a85e1e409081d6ffc475d4e32500ac
      size: 10558
  train:
    cmd: python train_model.py
    deps:
    - path: data/processed_data.csv
      hash: md5
      md5: 71a85e1e409081d6ffc475d4e32500ac
      size: 10558
    - path: train_model.py
      hash: md5
      md5: 529adf6245c287d26f6a5f5195200ead
      size: 2214
    outs:
    - path: models/model.pkl
      hash: md5
      md5: 1896e43f998bfb159b651fa754364afe
      size: 585
